
Microsoft Visual Studio Solution File, Format Version 12.00
# Visual Studio Version 17
VisualStudioVersion = 17.1.32319.34
MinimumVisualStudioVersion = 10.0.40219.1
Project("{2150E333-8FDC-42A3-9474-1A3956D46DE8}") = "Include", "Include", "{1F4F3822-5B5B-46A8-B8E6-253BB09CFB10}"
	ProjectSection(SolutionItems) = preProject
		..\..\Include\glfx.h = ..\..\Include\glfx.h
		..\..\Include\ogldev.h = ..\..\Include\ogldev.h
		..\..\Include\ogldev_app.h = ..\..\Include\ogldev_app.h
		..\..\Include\ogldev_array_2d.h = ..\..\Include\ogldev_array_2d.h
		..\..\Include\ogldev_atb.h = ..\..\Include\ogldev_atb.h
		..\..\Include\ogldev_backend.h = ..\..\Include\ogldev_backend.h
		..\..\Include\ogldev_base_app.h = ..\..\Include\ogldev_base_app.h
		..\..\Include\ogldev_basic_glfw_camera.h = ..\..\Include\ogldev_basic_glfw_camera.h
		..\..\Include\ogldev_basic_mesh.h = ..\..\Include\ogldev_basic_mesh.h
		..\..\Include\ogldev_bezier_curve_technique.h = ..\..\Include\ogldev_bezier_curve_technique.h
		..\..\Include\ogldev_callbacks.h = ..\..\Include\ogldev_callbacks.h
		..\..\Include\ogldev_camera.h = ..\..\Include\ogldev_camera.h
		..\..\Include\ogldev_cubemap_texture.h = ..\..\Include\ogldev_cubemap_texture.h
		..\..\Include\ogldev_engine_common.h = ..\..\Include\ogldev_engine_common.h
		..\..\Include\ogldev_flat_passthru_technique.h = ..\..\Include\ogldev_flat_passthru_technique.h
		..\..\Include\ogldev_framebuffer.h = ..\..\Include\ogldev_framebuffer.h
		..\..\Include\ogldev_glfw.h = ..\..\Include\ogldev_glfw.h
		..\..\Include\ogldev_glfw_backend.h = ..\..\Include\ogldev_glfw_backend.h
		..\..\Include\ogldev_glm_camera.h = ..\..\Include\ogldev_glm_camera.h
		..\..\Include\ogldev_glut_backend.h = ..\..\Include\ogldev_glut_backend.h
		..\..\Include\ogldev_guitex_technique.h = ..\..\Include\ogldev_guitex_technique.h
		..\..\Include\ogldev_gui_texture.h = ..\..\Include\ogldev_gui_texture.h
		..\..\Include\ogldev_io_buffer.h = ..\..\Include\ogldev_io_buffer.h
		..\..\Include\ogldev_keys.h = ..\..\Include\ogldev_keys.h
		..\..\Include\ogldev_lights_common.h = ..\..\Include\ogldev_lights_common.h
		..\..\Include\ogldev_material.h = ..\..\Include\ogldev_material.h
		..\..\Include\ogldev_math_3d.h = ..\..\Include\ogldev_math_3d.h
		..\..\Include\ogldev_mesh_common.h = ..\..\Include\ogldev_mesh_common.h
		..\..\Include\ogldev_new_lighting.h = ..\..\Include\ogldev_new_lighting.h
		..\..\Include\ogldev_passthru_vec2_technique.h = ..\..\Include\ogldev_passthru_vec2_technique.h
		..\..\Include\ogldev_phong_renderer.h = ..\..\Include\ogldev_phong_renderer.h
		..\..\Include\ogldev_pipeline.h = ..\..\Include\ogldev_pipeline.h
		..\..\Include\ogldev_random_texture.h = ..\..\Include\ogldev_random_texture.h
		..\..\Include\ogldev_screen_quad.h = ..\..\Include\ogldev_screen_quad.h
		..\..\Include\ogldev_shadow_cube_map_fbo.h = ..\..\Include\ogldev_shadow_cube_map_fbo.h
		..\..\Include\ogldev_shadow_mapping_technique.h = ..\..\Include\ogldev_shadow_mapping_technique.h
		..\..\Include\ogldev_shadow_mapping_technique_point_light.h = ..\..\Include\ogldev_shadow_mapping_technique_point_light.h
		..\..\Include\ogldev_shadow_map_fbo.h = ..\..\Include\ogldev_shadow_map_fbo.h
		..\..\Include\ogldev_shadow_map_offset_texture.h = ..\..\Include\ogldev_shadow_map_offset_texture.h
		..\..\Include\ogldev_skinned_mesh.h = ..\..\Include\ogldev_skinned_mesh.h
		..\..\Include\ogldev_skinning_technique.h = ..\..\Include\ogldev_skinning_technique.h
		..\..\Include\ogldev_skybox.h = ..\..\Include\ogldev_skybox.h
		..\..\Include\ogldev_skybox_technique.h = ..\..\Include\ogldev_skybox_technique.h
		..\..\Include\ogldev_skydome.h = ..\..\Include\ogldev_skydome.h
		..\..\Include\ogldev_skydome_technique.h = ..\..\Include\ogldev_skydome_technique.h
		..\..\Include\ogldev_sprite_technique.h = ..\..\Include\ogldev_sprite_technique.h
		..\..\Include\ogldev_texture.h = ..\..\Include\ogldev_texture.h
		..\..\Include\ogldev_tex_technique.h = ..\..\Include\ogldev_tex_technique.h
		..\..\Include\ogldev_types.h = ..\..\Include\ogldev_types.h
		..\..\Include\ogldev_util.h = ..\..\Include\ogldev_util.h
		..\..\Include\ogldev_vertex_buffer.h = ..\..\Include\ogldev_vertex_buffer.h
		..\..\Include\ogldev_vulkan.h = ..\..\Include\ogldev_vulkan.h
		..\..\Include\ogldev_vulkan_core.h = ..\..\Include\ogldev_vulkan_core.h
		..\..\Include\ogldev_win32_control.h = ..\..\Include\ogldev_win32_control.h
		..\..\Include\ogldev_world_transform.h = ..\..\Include\ogldev_world_transform.h
		..\..\Include\ogldev_xcb_control.h = ..\..\Include\ogldev_xcb_control.h
		..\..\Include\technique.h = ..\..\Include\technique.h
	EndProjectSection
EndProject
Project("{2150E333-8FDC-42A3-9474-1A3956D46DE8}") = "3rdparty", "3rdparty", "{41A0EE6E-7F4F-4650-B76B-3024308136F3}"
	ProjectSection(SolutionItems) = preProject
		..\..\Include\3rdparty\stb_image.h = ..\..\Include\3rdparty\stb_image.h
		..\..\Include\3rdparty\stb_image_write.h = ..\..\Include\3rdparty\stb_image_write.h
	EndProjectSection
EndProject
Project("{2150E333-8FDC-42A3-9474-1A3956D46DE8}") = "Shaders", "Shaders", "{2CAB346B-6660-46F9-91AB-2CC238300A31}"
	ProjectSection(SolutionItems) = preProject
		..\..\Common\Shaders\lighting_new.vs = ..\..\Common\Shaders\lighting_new.vs
		..\..\Common\Shaders\skinning.vs = ..\..\Common\Shaders\skinning.vs
	EndProjectSection
EndProject
Project("{8BC9CEB8-8B4A-11D0-8D11-00A0C91BC942}") = "Yakala", "Yakala\Yakala.vcxproj", "{7EA10199-138D-4F8B-AFCF-F5E1B97C466A}"
EndProject
Project("{2150E333-8FDC-42A3-9474-1A3956D46DE8}") = "Common", "Common", "{F6553386-4E78-450B-A98D-D17DE590F6AB}"
	ProjectSection(SolutionItems) = preProject
		..\..\Common\camera.cpp = ..\..\Common\camera.cpp
		..\..\Common\cubemap_texture.cpp = ..\..\Common\cubemap_texture.cpp
		..\..\Common\glut_backend.cpp = ..\..\Common\glut_backend.cpp
		..\..\Common\io_buffer.cpp = ..\..\Common\io_buffer.cpp
		..\..\Common\math_3d.cpp = ..\..\Common\math_3d.cpp
		..\..\Common\ogldev_all.cpp = ..\..\Common\ogldev_all.cpp
		..\..\Common\ogldev_app.cpp = ..\..\Common\ogldev_app.cpp
		..\..\Common\ogldev_atb.cpp = ..\..\Common\ogldev_atb.cpp
		..\..\Common\ogldev_backend.cpp = ..\..\Common\ogldev_backend.cpp
		..\..\Common\ogldev_base_app.cpp = ..\..\Common\ogldev_base_app.cpp
		..\..\Common\ogldev_basic_glfw_camera.cpp = ..\..\Common\ogldev_basic_glfw_camera.cpp
		..\..\Common\ogldev_basic_mesh.cpp = ..\..\Common\ogldev_basic_mesh.cpp
		..\..\Common\ogldev_bezier_curve_technique.cpp = ..\..\Common\ogldev_bezier_curve_technique.cpp
		..\..\Common\ogldev_flat_passthru_technique.cpp = ..\..\Common\ogldev_flat_passthru_technique.cpp
		..\..\Common\ogldev_framebuffer.cpp = ..\..\Common\ogldev_framebuffer.cpp
		..\..\Common\ogldev_glfw.cpp = ..\..\Common\ogldev_glfw.cpp
		..\..\Common\ogldev_glfw_backend.cpp = ..\..\Common\ogldev_glfw_backend.cpp
		..\..\Common\ogldev_glfw_camera_handler.cpp = ..\..\Common\ogldev_glfw_camera_handler.cpp
		..\..\Common\ogldev_glm_camera.cpp = ..\..\Common\ogldev_glm_camera.cpp
		..\..\Common\ogldev_guitex_technique.cpp = ..\..\Common\ogldev_guitex_technique.cpp
		..\..\Common\ogldev_gui_texture.cpp = ..\..\Common\ogldev_gui_texture.cpp
		..\..\Common\ogldev_new_lighting.cpp = ..\..\Common\ogldev_new_lighting.cpp
		..\..\Common\ogldev_passthru_vec2_technique.cpp = ..\..\Common\ogldev_passthru_vec2_technique.cpp
		..\..\Common\ogldev_phong_renderer.cpp = ..\..\Common\ogldev_phong_renderer.cpp
		..\..\Common\ogldev_screen_quad.cpp = ..\..\Common\ogldev_screen_quad.cpp
		..\..\Common\ogldev_shadow_cube_map_fbo.cpp = ..\..\Common\ogldev_shadow_cube_map_fbo.cpp
		..\..\Common\ogldev_shadow_mapping_technique.cpp = ..\..\Common\ogldev_shadow_mapping_technique.cpp
		..\..\Common\ogldev_shadow_mapping_technique_point_light.cpp = ..\..\Common\ogldev_shadow_mapping_technique_point_light.cpp
		..\..\Common\ogldev_shadow_map_fbo.cpp = ..\..\Common\ogldev_shadow_map_fbo.cpp
		..\..\Common\ogldev_shadow_map_offset_texture.cpp = ..\..\Common\ogldev_shadow_map_offset_texture.cpp
		..\..\Common\ogldev_skinned_mesh.cpp = ..\..\Common\ogldev_skinned_mesh.cpp
		..\..\Common\ogldev_skinning_technique.cpp = ..\..\Common\ogldev_skinning_technique.cpp
		..\..\Common\ogldev_skybox.cpp = ..\..\Common\ogldev_skybox.cpp
		..\..\Common\ogldev_skybox_technique.cpp = ..\..\Common\ogldev_skybox_technique.cpp
		..\..\Common\ogldev_skydome.cpp = ..\..\Common\ogldev_skydome.cpp
		..\..\Common\ogldev_skydome_technique.cpp = ..\..\Common\ogldev_skydome_technique.cpp
		..\..\Common\ogldev_sprite_technique.cpp = ..\..\Common\ogldev_sprite_technique.cpp
		..\..\Common\ogldev_stb_image.cpp = ..\..\Common\ogldev_stb_image.cpp
		..\..\Common\ogldev_texture.cpp = ..\..\Common\ogldev_texture.cpp
		..\..\Common\ogldev_tex_technique.cpp = ..\..\Common\ogldev_tex_technique.cpp
		..\..\Common\ogldev_util.cpp = ..\..\Common\ogldev_util.cpp
		..\..\Common\ogldev_vulkan.cpp = ..\..\Common\ogldev_vulkan.cpp
		..\..\Common\ogldev_vulkan_core.cpp = ..\..\Common\ogldev_vulkan_core.cpp
		..\..\Common\ogldev_win32_control.cpp = ..\..\Common\ogldev_win32_control.cpp
		..\..\Common\ogldev_world_transform.cpp = ..\..\Common\ogldev_world_transform.cpp
		..\..\Common\ogldev_xcb_control.cpp = ..\..\Common\ogldev_xcb_control.cpp
		..\..\Common\pipeline.cpp = ..\..\Common\pipeline.cpp
		..\..\Common\random_texture.cpp = ..\..\Common\random_texture.cpp
		..\..\Common\technique.cpp = ..\..\Common\technique.cpp
	EndProjectSection
EndProject
Project("{2150E333-8FDC-42A3-9474-1A3956D46DE8}") = "Tutorials", "Tutorials", "{AA79194F-A6EF-4133-A624-C4CE94275552}"
EndProject
Project("{2150E333-8FDC-42A3-9474-1A3956D46DE8}") = "OpenGL", "OpenGL", "{598FEE6D-9610-46D8-A821-39733CDAB3DD}"
EndProject
Project("{2150E333-8FDC-42A3-9474-1A3956D46DE8}") = "FreetypeGL", "FreetypeGL", "{5676DE34-CCBB-449E-9588-BA22483E2351}"
	ProjectSection(SolutionItems) = preProject
		..\..\Common\FreetypeGL\font-manager.h = ..\..\Common\FreetypeGL\font-manager.h
		..\..\Common\FreetypeGL\freetypeGL.cpp = ..\..\Common\FreetypeGL\freetypeGL.cpp
		..\..\Common\FreetypeGL\freetypeGL.h = ..\..\Common\FreetypeGL\freetypeGL.h
		..\..\Common\FreetypeGL\markup.h = ..\..\Common\FreetypeGL\markup.h
		..\..\Common\FreetypeGL\mat4.c = ..\..\Common\FreetypeGL\mat4.c
		..\..\Common\FreetypeGL\mat4.h = ..\..\Common\FreetypeGL\mat4.h
		..\..\Common\FreetypeGL\opengl.h = ..\..\Common\FreetypeGL\opengl.h
		..\..\Common\FreetypeGL\shader.c = ..\..\Common\FreetypeGL\shader.c
		..\..\Common\FreetypeGL\shader.h = ..\..\Common\FreetypeGL\shader.h
		..\..\Common\FreetypeGL\text-buffer.h = ..\..\Common\FreetypeGL\text-buffer.h
		..\..\Common\FreetypeGL\texture-atlas.h = ..\..\Common\FreetypeGL\texture-atlas.h
		..\..\Common\FreetypeGL\texture-font.h = ..\..\Common\FreetypeGL\texture-font.h
		..\..\Common\FreetypeGL\v3f-t2f-c4f.frag = ..\..\Common\FreetypeGL\v3f-t2f-c4f.frag
		..\..\Common\FreetypeGL\v3f-t2f-c4f.vert = ..\..\Common\FreetypeGL\v3f-t2f-c4f.vert
		..\..\Common\FreetypeGL\vec234.h = ..\..\Common\FreetypeGL\vec234.h
		..\..\Common\FreetypeGL\vector.h = ..\..\Common\FreetypeGL\vector.h
		..\..\Common\FreetypeGL\vertex-attribute.h = ..\..\Common\FreetypeGL\vertex-attribute.h
		..\..\Common\FreetypeGL\vertex-buffer.h = ..\..\Common\FreetypeGL\vertex-buffer.h
	EndProjectSection
EndProject
Project("{8BC9CEB8-8B4A-11D0-8D11-00A0C91BC942}") = "LibOgldev", "LibOgldev\LibOgldev.vcxproj", "{82C3A59C-96DB-4B6A-9D4B-E08723D016F4}"
EndProject
Global
	GlobalSection(SolutionConfigurationPlatforms) = preSolution
		Debug|x64 = Debug|x64
		Debug|x86 = Debug|x86
		Release|x64 = Release|x64
		Release|x86 = Release|x86
	EndGlobalSection
	GlobalSection(ProjectConfigurationPlatforms) = postSolution
		{7EA10199-138D-4F8B-AFCF-F5E1B97C466A}.Debug|x64.ActiveCfg = Debug|x64
		{7EA10199-138D-4F8B-AFCF-F5E1B97C466A}.Debug|x64.Build.0 = Debug|x64
		{7EA10199-138D-4F8B-AFCF-F5E1B97C466A}.Debug|x86.ActiveCfg = Debug|Win32
		{7EA10199-138D-4F8B-AFCF-F5E1B97C466A}.Debug|x86.Build.0 = Debug|Win32
		{7EA10199-138D-4F8B-AFCF-F5E1B97C466A}.Release|x64.ActiveCfg = Release|x64
		{7EA10199-138D-4F8B-AFCF-F5E1B97C466A}.Release|x64.Build.0 = Release|x64
		{7EA10199-138D-4F8B-AFCF-F5E1B97C466A}.Release|x86.ActiveCfg = Release|Win32
		{7EA10199-138D-4F8B-AFCF-F5E1B97C466A}.Release|x86.Build.0 = Release|Win32
		{82C3A59C-96DB-4B6A-9D4B-E08723D016F4}.Debug|x64.ActiveCfg = Debug|x64
		{82C3A59C-96DB-4B6A-9D4B-E08723D016F4}.Debug|x64.Build.0 = Debug|x64
		{82C3A59C-96DB-4B6A-9D4B-E08723D016F4}.Debug|x86.ActiveCfg = Debug|Win32
		{82C3A59C-96DB-4B6A-9D4B-E08723D016F4}.Debug|x86.Build.0 = Debug|Win32
		{82C3A59C-96DB-4B6A-9D4B-E08723D016F4}.Release|x64.ActiveCfg = Release|x64
		{82C3A59C-96DB-4B6A-9D4B-E08723D016F4}.Release|x64.Build.0 = Release|x64
		{82C3A59C-96DB-4B6A-9D4B-E08723D016F4}.Release|x86.ActiveCfg = Release|Win32
		{82C3A59C-96DB-4B6A-9D4B-E08723D016F4}.Release|x86.Build.0 = Release|Win32
	EndGlobalSection
	GlobalSection(SolutionProperties) = preSolution
		HideSolutionNode = FALSE
	EndGlobalSection
	GlobalSection(NestedProjects) = preSolution
		{1F4F3822-5B5B-46A8-B8E6-253BB09CFB10} = {598FEE6D-9610-46D8-A821-39733CDAB3DD}
		{41A0EE6E-7F4F-4650-B76B-3024308136F3} = {1F4F3822-5B5B-46A8-B8E6-253BB09CFB10}
		{2CAB346B-6660-46F9-91AB-2CC238300A31} = {598FEE6D-9610-46D8-A821-39733CDAB3DD}
		{7EA10199-138D-4F8B-AFCF-F5E1B97C466A} = {AA79194F-A6EF-4133-A624-C4CE94275552}
		{F6553386-4E78-450B-A98D-D17DE590F6AB} = {598FEE6D-9610-46D8-A821-39733CDAB3DD}
		{AA79194F-A6EF-4133-A624-C4CE94275552} = {598FEE6D-9610-46D8-A821-39733CDAB3DD}
		{5676DE34-CCBB-449E-9588-BA22483E2351} = {F6553386-4E78-450B-A98D-D17DE590F6AB}
		{82C3A59C-96DB-4B6A-9D4B-E08723D016F4} = {598FEE6D-9610-46D8-A821-39733CDAB3DD}
	EndGlobalSection
	GlobalSection(ExtensibilityGlobals) = postSolution
		SolutionGuid = {690F8FBC-BD4E-482C-BBD9-5CB7D2D801AC}
	EndGlobalSection
EndGlobal
